{
  "requires": true,
  "lockfileVersion": 1,
  "dependencies": {
    "google-polyline": {
      "version": "1.0.3",
      "resolved": "https://registry.npmjs.org/google-polyline/-/google-polyline-1.0.3.tgz",
      "integrity": "sha512-36BnqVxmVcR8lTvzO6aeXdICNChAwQLlfMkR1P9IBpTWE8hA6bAbQHCVArwMHB5WIMq9owywtAkjioe3crNq4Q=="
    }
  }
}
